<?xml version="1.0" encoding="utf-8"?>
<Project ToolsVersion="4.0" xmlns="http://schemas.microsoft.com/developer/msbuild/2003">
   <ItemGroup>
      <Filter Include="Source Files">
         <UniqueIdentifier>{1a245e9c-9c76-4bf9-8a34-62152834bd91}</UniqueIdentifier>
         <Extensions>cpp;c;cxx;rc;def;r;odl;idl;hpj;bat;cc</Extensions>
      </Filter>
      <Filter Include="Source Files\lib">
         <UniqueIdentifier>{6f40dc6c-3178-433f-893f-3bb03914e254}</UniqueIdentifier>
      </Filter>
      <Filter Include="Source Files\lib\include">
         <UniqueIdentifier>{70f67d5f-7bd6-4232-a62c-c4e61237f26b}</UniqueIdentifier>
      </Filter>
      <Filter Include="Source Files\lib\src">
         <UniqueIdentifier>{2e8d43e8-485a-4f72-8f63-1e196f0dac4a}</UniqueIdentifier>
      </Filter>
   </ItemGroup>
  <ItemGroup>
    <ResourceCompile Include="Torque.rc">
      <Filter>Source Files</Filter>
    </ResourceCompile>
  </ItemGroup>
   <ItemGroup>
      <ClCompile Include="F:\T3D\Torque3D\Engine\lib\libogg\src\bitwise.c">
         <Filter>Source Files\lib\src</Filter>
      </ClCompile>
      <ClCompile Include="F:\T3D\Torque3D\Engine\lib\libogg\src\framing.c">
         <Filter>Source Files\lib\src</Filter>
      </ClCompile>
   </ItemGroup>
   <ItemGroup>
      <ClInclude Include="F:\T3D\Torque3D\Engine\lib\libogg\include\ogg\ogg.h">
         <Filter>Source Files\lib\include</Filter>
      </ClInclude>
      <ClInclude Include="F:\T3D\Torque3D\Engine\lib\libogg\include\ogg\os_types.h">
         <Filter>Source Files\lib\include</Filter>
      </ClInclude>
   </ItemGroup>
   <ItemGroup>
   </ItemGroup>
</Project>