<?xml version="1.0" encoding="utf-8"?>
<Project ToolsVersion="4.0" xmlns="http://schemas.microsoft.com/developer/msbuild/2003">
   <ItemGroup>
      <Filter Include="Source Files">
         <UniqueIdentifier>{3e259c2d-609b-422d-95a0-be87fa1a3cc5}</UniqueIdentifier>
         <Extensions>cpp;c;cxx;rc;def;r;odl;idl;hpj;bat;cc</Extensions>
      </Filter>
      <Filter Include="Source Files\lib">
         <UniqueIdentifier>{0dce4a0a-625e-42d3-a718-3aaa706b383d}</UniqueIdentifier>
      </Filter>
      <Filter Include="Source Files\lib\include">
         <UniqueIdentifier>{63756766-c260-4eeb-9e8b-d28eeeffbef4}</UniqueIdentifier>
      </Filter>
      <Filter Include="Source Files\lib\lib">
         <UniqueIdentifier>{e7e2cdc2-b09d-4a0c-b709-977dc57db6fd}</UniqueIdentifier>
      </Filter>
      <Filter Include="Source Files\lib\lib\books">
         <UniqueIdentifier>{0e62ca58-8b30-424c-8fbf-459062ac71c9}</UniqueIdentifier>
      </Filter>
      <Filter Include="Source Files\lib\lib\books\coupled">
         <UniqueIdentifier>{fa8c418a-c224-4c38-a5e1-bc49b48670cb}</UniqueIdentifier>
      </Filter>
      <Filter Include="Source Files\lib\lib\books\floor">
         <UniqueIdentifier>{981a1e05-4c24-430e-89ce-1106383eec99}</UniqueIdentifier>
      </Filter>
      <Filter Include="Source Files\lib\lib\books\uncoupled">
         <UniqueIdentifier>{403ce327-9f7a-42b6-ba9f-33354de06406}</UniqueIdentifier>
      </Filter>
      <Filter Include="Source Files\lib\lib\modes">
         <UniqueIdentifier>{20e5f875-bc5d-42ee-b027-a05df6ceae28}</UniqueIdentifier>
      </Filter>
   </ItemGroup>
  <ItemGroup>
    <ResourceCompile Include="Torque.rc">
      <Filter>Source Files</Filter>
    </ResourceCompile>
  </ItemGroup>
   <ItemGroup>
      <ClCompile Include="F:\T3D\Torque3D\Engine\lib\libvorbis\lib\analysis.c">
         <Filter>Source Files\lib\lib</Filter>
      </ClCompile>
      <ClCompile Include="F:\T3D\Torque3D\Engine\lib\libvorbis\lib\bitrate.c">
         <Filter>Source Files\lib\lib</Filter>
      </ClCompile>
      <ClCompile Include="F:\T3D\Torque3D\Engine\lib\libvorbis\lib\block.c">
         <Filter>Source Files\lib\lib</Filter>
      </ClCompile>
      <ClCompile Include="F:\T3D\Torque3D\Engine\lib\libvorbis\lib\codebook.c">
         <Filter>Source Files\lib\lib</Filter>
      </ClCompile>
      <ClCompile Include="F:\T3D\Torque3D\Engine\lib\libvorbis\lib\envelope.c">
         <Filter>Source Files\lib\lib</Filter>
      </ClCompile>
      <ClCompile Include="F:\T3D\Torque3D\Engine\lib\libvorbis\lib\floor0.c">
         <Filter>Source Files\lib\lib</Filter>
      </ClCompile>
      <ClCompile Include="F:\T3D\Torque3D\Engine\lib\libvorbis\lib\floor1.c">
         <Filter>Source Files\lib\lib</Filter>
      </ClCompile>
      <ClCompile Include="F:\T3D\Torque3D\Engine\lib\libvorbis\lib\info.c">
         <Filter>Source Files\lib\lib</Filter>
      </ClCompile>
      <ClCompile Include="F:\T3D\Torque3D\Engine\lib\libvorbis\lib\lookup.c">
         <Filter>Source Files\lib\lib</Filter>
      </ClCompile>
      <ClCompile Include="F:\T3D\Torque3D\Engine\lib\libvorbis\lib\lpc.c">
         <Filter>Source Files\lib\lib</Filter>
      </ClCompile>
      <ClCompile Include="F:\T3D\Torque3D\Engine\lib\libvorbis\lib\lsp.c">
         <Filter>Source Files\lib\lib</Filter>
      </ClCompile>
      <ClCompile Include="F:\T3D\Torque3D\Engine\lib\libvorbis\lib\mapping0.c">
         <Filter>Source Files\lib\lib</Filter>
      </ClCompile>
      <ClCompile Include="F:\T3D\Torque3D\Engine\lib\libvorbis\lib\mdct.c">
         <Filter>Source Files\lib\lib</Filter>
      </ClCompile>
      <ClCompile Include="F:\T3D\Torque3D\Engine\lib\libvorbis\lib\psy.c">
         <Filter>Source Files\lib\lib</Filter>
      </ClCompile>
      <ClCompile Include="F:\T3D\Torque3D\Engine\lib\libvorbis\lib\registry.c">
         <Filter>Source Files\lib\lib</Filter>
      </ClCompile>
      <ClCompile Include="F:\T3D\Torque3D\Engine\lib\libvorbis\lib\res0.c">
         <Filter>Source Files\lib\lib</Filter>
      </ClCompile>
      <ClCompile Include="F:\T3D\Torque3D\Engine\lib\libvorbis\lib\sharedbook.c">
         <Filter>Source Files\lib\lib</Filter>
      </ClCompile>
      <ClCompile Include="F:\T3D\Torque3D\Engine\lib\libvorbis\lib\smallft.c">
         <Filter>Source Files\lib\lib</Filter>
      </ClCompile>
      <ClCompile Include="F:\T3D\Torque3D\Engine\lib\libvorbis\lib\synthesis.c">
         <Filter>Source Files\lib\lib</Filter>
      </ClCompile>
      <ClCompile Include="F:\T3D\Torque3D\Engine\lib\libvorbis\lib\vorbisenc.c">
         <Filter>Source Files\lib\lib</Filter>
      </ClCompile>
      <ClCompile Include="F:\T3D\Torque3D\Engine\lib\libvorbis\lib\vorbisfile.c">
         <Filter>Source Files\lib\lib</Filter>
      </ClCompile>
      <ClCompile Include="F:\T3D\Torque3D\Engine\lib\libvorbis\lib\window.c">
         <Filter>Source Files\lib\lib</Filter>
      </ClCompile>
   </ItemGroup>
   <ItemGroup>
      <ClInclude Include="F:\T3D\Torque3D\Engine\lib\libvorbis\include\vorbis\codec.h">
         <Filter>Source Files\lib\include</Filter>
      </ClInclude>
      <ClInclude Include="F:\T3D\Torque3D\Engine\lib\libvorbis\include\vorbis\vorbisenc.h">
         <Filter>Source Files\lib\include</Filter>
      </ClInclude>
      <ClInclude Include="F:\T3D\Torque3D\Engine\lib\libvorbis\include\vorbis\vorbisfile.h">
         <Filter>Source Files\lib\include</Filter>
      </ClInclude>
      <ClInclude Include="F:\T3D\Torque3D\Engine\lib\libvorbis\lib\backends.h">
         <Filter>Source Files\lib\lib</Filter>
      </ClInclude>
      <ClInclude Include="F:\T3D\Torque3D\Engine\lib\libvorbis\lib\bitrate.h">
         <Filter>Source Files\lib\lib</Filter>
      </ClInclude>
      <ClInclude Include="F:\T3D\Torque3D\Engine\lib\libvorbis\lib\codebook.h">
         <Filter>Source Files\lib\lib</Filter>
      </ClInclude>
      <ClInclude Include="F:\T3D\Torque3D\Engine\lib\libvorbis\lib\codec_internal.h">
         <Filter>Source Files\lib\lib</Filter>
      </ClInclude>
      <ClInclude Include="F:\T3D\Torque3D\Engine\lib\libvorbis\lib\envelope.h">
         <Filter>Source Files\lib\lib</Filter>
      </ClInclude>
      <ClInclude Include="F:\T3D\Torque3D\Engine\lib\libvorbis\lib\highlevel.h">
         <Filter>Source Files\lib\lib</Filter>
      </ClInclude>
      <ClInclude Include="F:\T3D\Torque3D\Engine\lib\libvorbis\lib\lookup.h">
         <Filter>Source Files\lib\lib</Filter>
      </ClInclude>
      <ClInclude Include="F:\T3D\Torque3D\Engine\lib\libvorbis\lib\lookup_data.h">
         <Filter>Source Files\lib\lib</Filter>
      </ClInclude>
      <ClInclude Include="F:\T3D\Torque3D\Engine\lib\libvorbis\lib\lpc.h">
         <Filter>Source Files\lib\lib</Filter>
      </ClInclude>
      <ClInclude Include="F:\T3D\Torque3D\Engine\lib\libvorbis\lib\lsp.h">
         <Filter>Source Files\lib\lib</Filter>
      </ClInclude>
      <ClInclude Include="F:\T3D\Torque3D\Engine\lib\libvorbis\lib\masking.h">
         <Filter>Source Files\lib\lib</Filter>
      </ClInclude>
      <ClInclude Include="F:\T3D\Torque3D\Engine\lib\libvorbis\lib\mdct.h">
         <Filter>Source Files\lib\lib</Filter>
      </ClInclude>
      <ClInclude Include="F:\T3D\Torque3D\Engine\lib\libvorbis\lib\misc.h">
         <Filter>Source Files\lib\lib</Filter>
      </ClInclude>
      <ClInclude Include="F:\T3D\Torque3D\Engine\lib\libvorbis\lib\os.h">
         <Filter>Source Files\lib\lib</Filter>
      </ClInclude>
      <ClInclude Include="F:\T3D\Torque3D\Engine\lib\libvorbis\lib\psy.h">
         <Filter>Source Files\lib\lib</Filter>
      </ClInclude>
      <ClInclude Include="F:\T3D\Torque3D\Engine\lib\libvorbis\lib\registry.h">
         <Filter>Source Files\lib\lib</Filter>
      </ClInclude>
      <ClInclude Include="F:\T3D\Torque3D\Engine\lib\libvorbis\lib\scales.h">
         <Filter>Source Files\lib\lib</Filter>
      </ClInclude>
      <ClInclude Include="F:\T3D\Torque3D\Engine\lib\libvorbis\lib\smallft.h">
         <Filter>Source Files\lib\lib</Filter>
      </ClInclude>
      <ClInclude Include="F:\T3D\Torque3D\Engine\lib\libvorbis\lib\window.h">
         <Filter>Source Files\lib\lib</Filter>
      </ClInclude>
      <ClInclude Include="F:\T3D\Torque3D\Engine\lib\libvorbis\lib\books\coupled\res_books_51.h">
         <Filter>Source Files\lib\lib\books\coupled</Filter>
      </ClInclude>
      <ClInclude Include="F:\T3D\Torque3D\Engine\lib\libvorbis\lib\books\coupled\res_books_stereo.h">
         <Filter>Source Files\lib\lib\books\coupled</Filter>
      </ClInclude>
      <ClInclude Include="F:\T3D\Torque3D\Engine\lib\libvorbis\lib\books\floor\floor_books.h">
         <Filter>Source Files\lib\lib\books\floor</Filter>
      </ClInclude>
      <ClInclude Include="F:\T3D\Torque3D\Engine\lib\libvorbis\lib\books\uncoupled\res_books_uncoupled.h">
         <Filter>Source Files\lib\lib\books\uncoupled</Filter>
      </ClInclude>
      <ClInclude Include="F:\T3D\Torque3D\Engine\lib\libvorbis\lib\modes\floor_all.h">
         <Filter>Source Files\lib\lib\modes</Filter>
      </ClInclude>
      <ClInclude Include="F:\T3D\Torque3D\Engine\lib\libvorbis\lib\modes\psych_11.h">
         <Filter>Source Files\lib\lib\modes</Filter>
      </ClInclude>
      <ClInclude Include="F:\T3D\Torque3D\Engine\lib\libvorbis\lib\modes\psych_16.h">
         <Filter>Source Files\lib\lib\modes</Filter>
      </ClInclude>
      <ClInclude Include="F:\T3D\Torque3D\Engine\lib\libvorbis\lib\modes\psych_44.h">
         <Filter>Source Files\lib\lib\modes</Filter>
      </ClInclude>
      <ClInclude Include="F:\T3D\Torque3D\Engine\lib\libvorbis\lib\modes\psych_8.h">
         <Filter>Source Files\lib\lib\modes</Filter>
      </ClInclude>
      <ClInclude Include="F:\T3D\Torque3D\Engine\lib\libvorbis\lib\modes\residue_16.h">
         <Filter>Source Files\lib\lib\modes</Filter>
      </ClInclude>
      <ClInclude Include="F:\T3D\Torque3D\Engine\lib\libvorbis\lib\modes\residue_44.h">
         <Filter>Source Files\lib\lib\modes</Filter>
      </ClInclude>
      <ClInclude Include="F:\T3D\Torque3D\Engine\lib\libvorbis\lib\modes\residue_44p51.h">
         <Filter>Source Files\lib\lib\modes</Filter>
      </ClInclude>
      <ClInclude Include="F:\T3D\Torque3D\Engine\lib\libvorbis\lib\modes\residue_44u.h">
         <Filter>Source Files\lib\lib\modes</Filter>
      </ClInclude>
      <ClInclude Include="F:\T3D\Torque3D\Engine\lib\libvorbis\lib\modes\residue_8.h">
         <Filter>Source Files\lib\lib\modes</Filter>
      </ClInclude>
      <ClInclude Include="F:\T3D\Torque3D\Engine\lib\libvorbis\lib\modes\setup_11.h">
         <Filter>Source Files\lib\lib\modes</Filter>
      </ClInclude>
      <ClInclude Include="F:\T3D\Torque3D\Engine\lib\libvorbis\lib\modes\setup_16.h">
         <Filter>Source Files\lib\lib\modes</Filter>
      </ClInclude>
      <ClInclude Include="F:\T3D\Torque3D\Engine\lib\libvorbis\lib\modes\setup_22.h">
         <Filter>Source Files\lib\lib\modes</Filter>
      </ClInclude>
      <ClInclude Include="F:\T3D\Torque3D\Engine\lib\libvorbis\lib\modes\setup_32.h">
         <Filter>Source Files\lib\lib\modes</Filter>
      </ClInclude>
      <ClInclude Include="F:\T3D\Torque3D\Engine\lib\libvorbis\lib\modes\setup_44.h">
         <Filter>Source Files\lib\lib\modes</Filter>
      </ClInclude>
      <ClInclude Include="F:\T3D\Torque3D\Engine\lib\libvorbis\lib\modes\setup_44p51.h">
         <Filter>Source Files\lib\lib\modes</Filter>
      </ClInclude>
      <ClInclude Include="F:\T3D\Torque3D\Engine\lib\libvorbis\lib\modes\setup_44u.h">
         <Filter>Source Files\lib\lib\modes</Filter>
      </ClInclude>
      <ClInclude Include="F:\T3D\Torque3D\Engine\lib\libvorbis\lib\modes\setup_8.h">
         <Filter>Source Files\lib\lib\modes</Filter>
      </ClInclude>
      <ClInclude Include="F:\T3D\Torque3D\Engine\lib\libvorbis\lib\modes\setup_X.h">
         <Filter>Source Files\lib\lib\modes</Filter>
      </ClInclude>
   </ItemGroup>
   <ItemGroup>
   </ItemGroup>
</Project>